
Microsoft Visual Studio Solution File, Format Version 12.00
# Visual Studio 14
VisualStudioVersion = 14.0.24720.0
MinimumVisualStudioVersion = 10.0.40219.1
Project("{FAE04EC0-301F-11D3-BF4B-00C04F79EFBC}") = "GetDriveData", "GetDriveData\GetDriveData.csproj", "{F57E0EB0-F385-4C55-B0F2-C2509146C75C}"
EndProject
Project("{FAE04EC0-301F-11D3-BF4B-00C04F79EFBC}") = "Service", "Service\Service.csproj", "{5EFCDBE0-C5F9-47F0-A6CE-9B025C087977}"
EndProject
Project("{FAE04EC0-301F-11D3-BF4B-00C04F79EFBC}") = "ServiceTest", "ServiceTest\ServiceTest.csproj", "{7C2C0D69-92CF-48CE-9AFF-C8F21398CA46}"
EndProject
Project("{FAE04EC0-301F-11D3-BF4B-00C04F79EFBC}") = "GetVINData", "GetVINData\GetVINData.csproj", "{0AE296C9-BD47-412C-8F66-8DF735EB1216}"
EndProject
Project("{FAE04EC0-301F-11D3-BF4B-00C04F79EFBC}") = "GetTabDelimitedFile", "GetTabDelimitedFile\GetTabDelimitedFile.csproj", "{F1134806-48A1-46F6-AB41-E045BD65A618}"
EndProject
Project("{00D1A9C2-B5F0-4AF3-8072-F6C62B433612}") = "aps", "aps\aps.sqlproj", "{E8026C3B-858A-42BF-AFD4-FB6DD4D08C2A}"
EndProject
Project("{2150E333-8FDC-42A3-9474-1A3956D46DE8}") = "Extension", "Extension", "{0C6FF1A2-D859-48BD-AF54-41FFBB72C1CB}"
	ProjectSection(SolutionItems) = preProject
		Extension\different recall numbers.txt = Extension\different recall numbers.txt
		Extension\getPagesSource.js = Extension\getPagesSource.js
		Extension\getVINSource.js = Extension\getVINSource.js
		Extension\icon.png = Extension\icon.png
		Extension\icon128.png = Extension\icon128.png
		Extension\icon48.png = Extension\icon48.png
		Extension\jquery-2.2.3.js = Extension\jquery-2.2.3.js
		Extension\manifest.json = Extension\manifest.json
		Extension\popup.html = Extension\popup.html
		Extension\popup.js = Extension\popup.js
	EndProjectSection
EndProject
Global
	GlobalSection(SolutionConfigurationPlatforms) = preSolution
		Debug|Any CPU = Debug|Any CPU
		Debug|ARM = Debug|ARM
		Debug|x64 = Debug|x64
		Debug|x86 = Debug|x86
		Release|Any CPU = Release|Any CPU
		Release|ARM = Release|ARM
		Release|x64 = Release|x64
		Release|x86 = Release|x86
	EndGlobalSection
	GlobalSection(ProjectConfigurationPlatforms) = postSolution
		{F57E0EB0-F385-4C55-B0F2-C2509146C75C}.Debug|Any CPU.ActiveCfg = Debug|Any CPU
		{F57E0EB0-F385-4C55-B0F2-C2509146C75C}.Debug|Any CPU.Build.0 = Debug|Any CPU
		{F57E0EB0-F385-4C55-B0F2-C2509146C75C}.Debug|ARM.ActiveCfg = Debug|Any CPU
		{F57E0EB0-F385-4C55-B0F2-C2509146C75C}.Debug|ARM.Build.0 = Debug|Any CPU
		{F57E0EB0-F385-4C55-B0F2-C2509146C75C}.Debug|x64.ActiveCfg = Debug|Any CPU
		{F57E0EB0-F385-4C55-B0F2-C2509146C75C}.Debug|x64.Build.0 = Debug|Any CPU
		{F57E0EB0-F385-4C55-B0F2-C2509146C75C}.Debug|x86.ActiveCfg = Debug|Any CPU
		{F57E0EB0-F385-4C55-B0F2-C2509146C75C}.Debug|x86.Build.0 = Debug|Any CPU
		{F57E0EB0-F385-4C55-B0F2-C2509146C75C}.Release|Any CPU.ActiveCfg = Release|Any CPU
		{F57E0EB0-F385-4C55-B0F2-C2509146C75C}.Release|Any CPU.Build.0 = Release|Any CPU
		{F57E0EB0-F385-4C55-B0F2-C2509146C75C}.Release|ARM.ActiveCfg = Release|Any CPU
		{F57E0EB0-F385-4C55-B0F2-C2509146C75C}.Release|ARM.Build.0 = Release|Any CPU
		{F57E0EB0-F385-4C55-B0F2-C2509146C75C}.Release|x64.ActiveCfg = Release|Any CPU
		{F57E0EB0-F385-4C55-B0F2-C2509146C75C}.Release|x64.Build.0 = Release|Any CPU
		{F57E0EB0-F385-4C55-B0F2-C2509146C75C}.Release|x86.ActiveCfg = Release|Any CPU
		{F57E0EB0-F385-4C55-B0F2-C2509146C75C}.Release|x86.Build.0 = Release|Any CPU
		{5EFCDBE0-C5F9-47F0-A6CE-9B025C087977}.Debug|Any CPU.ActiveCfg = Debug|Any CPU
		{5EFCDBE0-C5F9-47F0-A6CE-9B025C087977}.Debug|Any CPU.Build.0 = Debug|Any CPU
		{5EFCDBE0-C5F9-47F0-A6CE-9B025C087977}.Debug|ARM.ActiveCfg = Debug|Any CPU
		{5EFCDBE0-C5F9-47F0-A6CE-9B025C087977}.Debug|ARM.Build.0 = Debug|Any CPU
		{5EFCDBE0-C5F9-47F0-A6CE-9B025C087977}.Debug|x64.ActiveCfg = Debug|Any CPU
		{5EFCDBE0-C5F9-47F0-A6CE-9B025C087977}.Debug|x64.Build.0 = Debug|Any CPU
		{5EFCDBE0-C5F9-47F0-A6CE-9B025C087977}.Debug|x86.ActiveCfg = Debug|Any CPU
		{5EFCDBE0-C5F9-47F0-A6CE-9B025C087977}.Debug|x86.Build.0 = Debug|Any CPU
		{5EFCDBE0-C5F9-47F0-A6CE-9B025C087977}.Release|Any CPU.ActiveCfg = Release|Any CPU
		{5EFCDBE0-C5F9-47F0-A6CE-9B025C087977}.Release|Any CPU.Build.0 = Release|Any CPU
		{5EFCDBE0-C5F9-47F0-A6CE-9B025C087977}.Release|ARM.ActiveCfg = Release|Any CPU
		{5EFCDBE0-C5F9-47F0-A6CE-9B025C087977}.Release|ARM.Build.0 = Release|Any CPU
		{5EFCDBE0-C5F9-47F0-A6CE-9B025C087977}.Release|x64.ActiveCfg = Release|Any CPU
		{5EFCDBE0-C5F9-47F0-A6CE-9B025C087977}.Release|x64.Build.0 = Release|Any CPU
		{5EFCDBE0-C5F9-47F0-A6CE-9B025C087977}.Release|x86.ActiveCfg = Release|Any CPU
		{5EFCDBE0-C5F9-47F0-A6CE-9B025C087977}.Release|x86.Build.0 = Release|Any CPU
		{7C2C0D69-92CF-48CE-9AFF-C8F21398CA46}.Debug|Any CPU.ActiveCfg = Debug|Any CPU
		{7C2C0D69-92CF-48CE-9AFF-C8F21398CA46}.Debug|Any CPU.Build.0 = Debug|Any CPU
		{7C2C0D69-92CF-48CE-9AFF-C8F21398CA46}.Debug|ARM.ActiveCfg = Debug|Any CPU
		{7C2C0D69-92CF-48CE-9AFF-C8F21398CA46}.Debug|ARM.Build.0 = Debug|Any CPU
		{7C2C0D69-92CF-48CE-9AFF-C8F21398CA46}.Debug|x64.ActiveCfg = Debug|Any CPU
		{7C2C0D69-92CF-48CE-9AFF-C8F21398CA46}.Debug|x64.Build.0 = Debug|Any CPU
		{7C2C0D69-92CF-48CE-9AFF-C8F21398CA46}.Debug|x86.ActiveCfg = Debug|Any CPU
		{7C2C0D69-92CF-48CE-9AFF-C8F21398CA46}.Debug|x86.Build.0 = Debug|Any CPU
		{7C2C0D69-92CF-48CE-9AFF-C8F21398CA46}.Release|Any CPU.ActiveCfg = Release|Any CPU
		{7C2C0D69-92CF-48CE-9AFF-C8F21398CA46}.Release|Any CPU.Build.0 = Release|Any CPU
		{7C2C0D69-92CF-48CE-9AFF-C8F21398CA46}.Release|ARM.ActiveCfg = Release|Any CPU
		{7C2C0D69-92CF-48CE-9AFF-C8F21398CA46}.Release|ARM.Build.0 = Release|Any CPU
		{7C2C0D69-92CF-48CE-9AFF-C8F21398CA46}.Release|x64.ActiveCfg = Release|Any CPU
		{7C2C0D69-92CF-48CE-9AFF-C8F21398CA46}.Release|x64.Build.0 = Release|Any CPU
		{7C2C0D69-92CF-48CE-9AFF-C8F21398CA46}.Release|x86.ActiveCfg = Release|Any CPU
		{7C2C0D69-92CF-48CE-9AFF-C8F21398CA46}.Release|x86.Build.0 = Release|Any CPU
		{0AE296C9-BD47-412C-8F66-8DF735EB1216}.Debug|Any CPU.ActiveCfg = Debug|Any CPU
		{0AE296C9-BD47-412C-8F66-8DF735EB1216}.Debug|Any CPU.Build.0 = Debug|Any CPU
		{0AE296C9-BD47-412C-8F66-8DF735EB1216}.Debug|ARM.ActiveCfg = Debug|Any CPU
		{0AE296C9-BD47-412C-8F66-8DF735EB1216}.Debug|ARM.Build.0 = Debug|Any CPU
		{0AE296C9-BD47-412C-8F66-8DF735EB1216}.Debug|x64.ActiveCfg = Debug|Any CPU
		{0AE296C9-BD47-412C-8F66-8DF735EB1216}.Debug|x64.Build.0 = Debug|Any CPU
		{0AE296C9-BD47-412C-8F66-8DF735EB1216}.Debug|x86.ActiveCfg = Debug|Any CPU
		{0AE296C9-BD47-412C-8F66-8DF735EB1216}.Debug|x86.Build.0 = Debug|Any CPU
		{0AE296C9-BD47-412C-8F66-8DF735EB1216}.Release|Any CPU.ActiveCfg = Release|Any CPU
		{0AE296C9-BD47-412C-8F66-8DF735EB1216}.Release|Any CPU.Build.0 = Release|Any CPU
		{0AE296C9-BD47-412C-8F66-8DF735EB1216}.Release|ARM.ActiveCfg = Release|Any CPU
		{0AE296C9-BD47-412C-8F66-8DF735EB1216}.Release|ARM.Build.0 = Release|Any CPU
		{0AE296C9-BD47-412C-8F66-8DF735EB1216}.Release|x64.ActiveCfg = Release|Any CPU
		{0AE296C9-BD47-412C-8F66-8DF735EB1216}.Release|x64.Build.0 = Release|Any CPU
		{0AE296C9-BD47-412C-8F66-8DF735EB1216}.Release|x86.ActiveCfg = Release|Any CPU
		{0AE296C9-BD47-412C-8F66-8DF735EB1216}.Release|x86.Build.0 = Release|Any CPU
		{F1134806-48A1-46F6-AB41-E045BD65A618}.Debug|Any CPU.ActiveCfg = Debug|Any CPU
		{F1134806-48A1-46F6-AB41-E045BD65A618}.Debug|Any CPU.Build.0 = Debug|Any CPU
		{F1134806-48A1-46F6-AB41-E045BD65A618}.Debug|ARM.ActiveCfg = Debug|Any CPU
		{F1134806-48A1-46F6-AB41-E045BD65A618}.Debug|ARM.Build.0 = Debug|Any CPU
		{F1134806-48A1-46F6-AB41-E045BD65A618}.Debug|x64.ActiveCfg = Debug|Any CPU
		{F1134806-48A1-46F6-AB41-E045BD65A618}.Debug|x64.Build.0 = Debug|Any CPU
		{F1134806-48A1-46F6-AB41-E045BD65A618}.Debug|x86.ActiveCfg = Debug|Any CPU
		{F1134806-48A1-46F6-AB41-E045BD65A618}.Debug|x86.Build.0 = Debug|Any CPU
		{F1134806-48A1-46F6-AB41-E045BD65A618}.Release|Any CPU.ActiveCfg = Release|Any CPU
		{F1134806-48A1-46F6-AB41-E045BD65A618}.Release|Any CPU.Build.0 = Release|Any CPU
		{F1134806-48A1-46F6-AB41-E045BD65A618}.Release|ARM.ActiveCfg = Release|Any CPU
		{F1134806-48A1-46F6-AB41-E045BD65A618}.Release|ARM.Build.0 = Release|Any CPU
		{F1134806-48A1-46F6-AB41-E045BD65A618}.Release|x64.ActiveCfg = Release|Any CPU
		{F1134806-48A1-46F6-AB41-E045BD65A618}.Release|x64.Build.0 = Release|Any CPU
		{F1134806-48A1-46F6-AB41-E045BD65A618}.Release|x86.ActiveCfg = Release|Any CPU
		{F1134806-48A1-46F6-AB41-E045BD65A618}.Release|x86.Build.0 = Release|Any CPU
		{E8026C3B-858A-42BF-AFD4-FB6DD4D08C2A}.Debug|Any CPU.ActiveCfg = Debug|Any CPU
		{E8026C3B-858A-42BF-AFD4-FB6DD4D08C2A}.Debug|Any CPU.Build.0 = Debug|Any CPU
		{E8026C3B-858A-42BF-AFD4-FB6DD4D08C2A}.Debug|Any CPU.Deploy.0 = Debug|Any CPU
		{E8026C3B-858A-42BF-AFD4-FB6DD4D08C2A}.Debug|ARM.ActiveCfg = Debug|Any CPU
		{E8026C3B-858A-42BF-AFD4-FB6DD4D08C2A}.Debug|ARM.Build.0 = Debug|Any CPU
		{E8026C3B-858A-42BF-AFD4-FB6DD4D08C2A}.Debug|ARM.Deploy.0 = Debug|Any CPU
		{E8026C3B-858A-42BF-AFD4-FB6DD4D08C2A}.Debug|x64.ActiveCfg = Debug|Any CPU
		{E8026C3B-858A-42BF-AFD4-FB6DD4D08C2A}.Debug|x64.Build.0 = Debug|Any CPU
		{E8026C3B-858A-42BF-AFD4-FB6DD4D08C2A}.Debug|x64.Deploy.0 = Debug|Any CPU
		{E8026C3B-858A-42BF-AFD4-FB6DD4D08C2A}.Debug|x86.ActiveCfg = Debug|Any CPU
		{E8026C3B-858A-42BF-AFD4-FB6DD4D08C2A}.Debug|x86.Build.0 = Debug|Any CPU
		{E8026C3B-858A-42BF-AFD4-FB6DD4D08C2A}.Debug|x86.Deploy.0 = Debug|Any CPU
		{E8026C3B-858A-42BF-AFD4-FB6DD4D08C2A}.Release|Any CPU.ActiveCfg = Release|Any CPU
		{E8026C3B-858A-42BF-AFD4-FB6DD4D08C2A}.Release|Any CPU.Build.0 = Release|Any CPU
		{E8026C3B-858A-42BF-AFD4-FB6DD4D08C2A}.Release|Any CPU.Deploy.0 = Release|Any CPU
		{E8026C3B-858A-42BF-AFD4-FB6DD4D08C2A}.Release|ARM.ActiveCfg = Release|Any CPU
		{E8026C3B-858A-42BF-AFD4-FB6DD4D08C2A}.Release|ARM.Build.0 = Release|Any CPU
		{E8026C3B-858A-42BF-AFD4-FB6DD4D08C2A}.Release|ARM.Deploy.0 = Release|Any CPU
		{E8026C3B-858A-42BF-AFD4-FB6DD4D08C2A}.Release|x64.ActiveCfg = Release|Any CPU
		{E8026C3B-858A-42BF-AFD4-FB6DD4D08C2A}.Release|x64.Build.0 = Release|Any CPU
		{E8026C3B-858A-42BF-AFD4-FB6DD4D08C2A}.Release|x64.Deploy.0 = Release|Any CPU
		{E8026C3B-858A-42BF-AFD4-FB6DD4D08C2A}.Release|x86.ActiveCfg = Release|Any CPU
		{E8026C3B-858A-42BF-AFD4-FB6DD4D08C2A}.Release|x86.Build.0 = Release|Any CPU
		{E8026C3B-858A-42BF-AFD4-FB6DD4D08C2A}.Release|x86.Deploy.0 = Release|Any CPU
	EndGlobalSection
	GlobalSection(SolutionProperties) = preSolution
		HideSolutionNode = FALSE
	EndGlobalSection
EndGlobal
